
Microsoft Visual Studio Solution File, Format Version 12.00
# Visual Studio 2012
Project("{FAE04EC0-301F-11D3-BF4B-00C04F79EFBC}") = "LogicBubbleSort", "LogicBubbleSort\LogicBubbleSort.csproj", "{373EC4BD-0943-46CC-B9C5-637DCC80A7ED}"
EndProject
Project("{FAE04EC0-301F-11D3-BF4B-00C04F79EFBC}") = "BubbleSort.NUnit.Tests", "BubbleSort.NUnit.Tests\BubbleSort.NUnit.Tests.csproj", "{65F975BA-147C-4BB6-9541-E69D1EC15492}"
EndProject
Global
	GlobalSection(SolutionConfigurationPlatforms) = preSolution
		Debug|Any CPU = Debug|Any CPU
		Release|Any CPU = Release|Any CPU
	EndGlobalSection
	GlobalSection(ProjectConfigurationPlatforms) = postSolution
		{373EC4BD-0943-46CC-B9C5-637DCC80A7ED}.Debug|Any CPU.ActiveCfg = Debug|Any CPU
		{373EC4BD-0943-46CC-B9C5-637DCC80A7ED}.Debug|Any CPU.Build.0 = Debug|Any CPU
		{373EC4BD-0943-46CC-B9C5-637DCC80A7ED}.Release|Any CPU.ActiveCfg = Release|Any CPU
		{373EC4BD-0943-46CC-B9C5-637DCC80A7ED}.Release|Any CPU.Build.0 = Release|Any CPU
		{65F975BA-147C-4BB6-9541-E69D1EC15492}.Debug|Any CPU.ActiveCfg = Debug|Any CPU
		{65F975BA-147C-4BB6-9541-E69D1EC15492}.Debug|Any CPU.Build.0 = Debug|Any CPU
		{65F975BA-147C-4BB6-9541-E69D1EC15492}.Release|Any CPU.ActiveCfg = Release|Any CPU
		{65F975BA-147C-4BB6-9541-E69D1EC15492}.Release|Any CPU.Build.0 = Release|Any CPU
	EndGlobalSection
EndGlobal
